
Microsoft Visual Studio Solution File, Format Version 12.00
# Visual Studio Version 17
VisualStudioVersion = 17.10.35013.160
MinimumVisualStudioVersion = 10.0.40219.1
Project("{2150E333-8FDC-42A3-9474-1A3956D46DE8}") = "Lesson1", "Lesson1", "{74B0508D-F97E-44B6-A4F1-04AEE959E779}"
EndProject
Project("{9A19103F-16F7-4668-BE54-9A1E7A4F7556}") = "HelloWorld", "Lesson1\HelloWorld\HelloWorld.csproj", "{F2C41459-62EC-4705-87C9-2A5DABCE84D9}"
EndProject
Project("{2150E333-8FDC-42A3-9474-1A3956D46DE8}") = "Lesson3", "Lesson3", "{5E0893F6-7138-4843-BAD9-58A77A28B224}"
EndProject
Project("{9A19103F-16F7-4668-BE54-9A1E7A4F7556}") = "LearnIfElseCondition", "Lesson3\LearnIfElseCondition\LearnIfElseCondition.csproj", "{B922719F-4F71-466A-84B1-44F0A107B2DF}"
EndProject
Project("{9A19103F-16F7-4668-BE54-9A1E7A4F7556}") = "Check_Triangle_Homework", "Lesson3\Check_Triangle_Homework\Check_Triangle_Homework.csproj", "{3BBE81A7-D906-4535-ADD0-3D7A5B25935C}"
EndProject
Project("{2150E333-8FDC-42A3-9474-1A3956D46DE8}") = "Lesson4", "Lesson4", "{8609CE81-53E1-487D-AA15-E67D9686125B}"
EndProject
Project("{9A19103F-16F7-4668-BE54-9A1E7A4F7556}") = "LearnSwitchCase", "Lesson4\LearnSwitchCase\LearnSwitchCase.csproj", "{0F59DABE-EC5E-4DDD-A8FF-5042CD2EAEEF}"
EndProject
Project("{2150E333-8FDC-42A3-9474-1A3956D46DE8}") = "Lesson5", "Lesson5", "{5782406A-AF90-487F-B220-73E785B27960}"
EndProject
Project("{9A19103F-16F7-4668-BE54-9A1E7A4F7556}") = "LearnLoop", "Lesson5\LearnLoop\LearnLoop.csproj", "{A6CC6025-FFDF-4361-9F78-49550B4F3C38}"
EndProject
Project("{9A19103F-16F7-4668-BE54-9A1E7A4F7556}") = "Home_Work_Lesson4", "Lesson4\Home_Work_Lesson4\Home_Work_Lesson4.csproj", "{052E7A42-FDF9-4735-8E23-86EB4AC9310A}"
EndProject
Project("{2150E333-8FDC-42A3-9474-1A3956D46DE8}") = "Solution Items", "Solution Items", "{E63B5A8E-9F2A-457F-857F-B115618BD229}"
EndProject
Project("{9A19103F-16F7-4668-BE54-9A1E7A4F7556}") = "Home_Work_Lesson5", "Lesson5\Home_Work_Lesson5\Home_Work_Lesson5.csproj", "{C5F4509E-CA8C-49BE-A21E-F8A0C424DB88}"
EndProject
Project("{2150E333-8FDC-42A3-9474-1A3956D46DE8}") = "Lesson6", "Lesson6", "{DF7B59A2-2C67-41AA-8E4E-3BC4DE4A2A53}"
EndProject
Project("{FAE04EC0-301F-11D3-BF4B-00C04F79EFBC}") = "LearnArray", "Lesson6\LearnArray\LearnArray.csproj", "{2CFB23F3-2C50-47E8-80C6-C4278ED86743}"
EndProject
Project("{FAE04EC0-301F-11D3-BF4B-00C04F79EFBC}") = "LearnListLinQ", "Lesson6\LearnListLinQ\LearnListLinQ.csproj", "{28B7B5E2-17FC-4AE9-A6F9-E86D35D627D7}"
EndProject
Global
	GlobalSection(SolutionConfigurationPlatforms) = preSolution
		Debug|Any CPU = Debug|Any CPU
		Release|Any CPU = Release|Any CPU
	EndGlobalSection
	GlobalSection(ProjectConfigurationPlatforms) = postSolution
		{F2C41459-62EC-4705-87C9-2A5DABCE84D9}.Debug|Any CPU.ActiveCfg = Debug|Any CPU
		{F2C41459-62EC-4705-87C9-2A5DABCE84D9}.Debug|Any CPU.Build.0 = Debug|Any CPU
		{F2C41459-62EC-4705-87C9-2A5DABCE84D9}.Release|Any CPU.ActiveCfg = Release|Any CPU
		{F2C41459-62EC-4705-87C9-2A5DABCE84D9}.Release|Any CPU.Build.0 = Release|Any CPU
		{B922719F-4F71-466A-84B1-44F0A107B2DF}.Debug|Any CPU.ActiveCfg = Debug|Any CPU
		{B922719F-4F71-466A-84B1-44F0A107B2DF}.Debug|Any CPU.Build.0 = Debug|Any CPU
		{B922719F-4F71-466A-84B1-44F0A107B2DF}.Release|Any CPU.ActiveCfg = Release|Any CPU
		{B922719F-4F71-466A-84B1-44F0A107B2DF}.Release|Any CPU.Build.0 = Release|Any CPU
		{3BBE81A7-D906-4535-ADD0-3D7A5B25935C}.Debug|Any CPU.ActiveCfg = Debug|Any CPU
		{3BBE81A7-D906-4535-ADD0-3D7A5B25935C}.Debug|Any CPU.Build.0 = Debug|Any CPU
		{3BBE81A7-D906-4535-ADD0-3D7A5B25935C}.Release|Any CPU.ActiveCfg = Release|Any CPU
		{3BBE81A7-D906-4535-ADD0-3D7A5B25935C}.Release|Any CPU.Build.0 = Release|Any CPU
		{0F59DABE-EC5E-4DDD-A8FF-5042CD2EAEEF}.Debug|Any CPU.ActiveCfg = Debug|Any CPU
		{0F59DABE-EC5E-4DDD-A8FF-5042CD2EAEEF}.Debug|Any CPU.Build.0 = Debug|Any CPU
		{0F59DABE-EC5E-4DDD-A8FF-5042CD2EAEEF}.Release|Any CPU.ActiveCfg = Release|Any CPU
		{0F59DABE-EC5E-4DDD-A8FF-5042CD2EAEEF}.Release|Any CPU.Build.0 = Release|Any CPU
		{A6CC6025-FFDF-4361-9F78-49550B4F3C38}.Debug|Any CPU.ActiveCfg = Debug|Any CPU
		{A6CC6025-FFDF-4361-9F78-49550B4F3C38}.Debug|Any CPU.Build.0 = Debug|Any CPU
		{A6CC6025-FFDF-4361-9F78-49550B4F3C38}.Release|Any CPU.ActiveCfg = Release|Any CPU
		{A6CC6025-FFDF-4361-9F78-49550B4F3C38}.Release|Any CPU.Build.0 = Release|Any CPU
		{052E7A42-FDF9-4735-8E23-86EB4AC9310A}.Debug|Any CPU.ActiveCfg = Debug|Any CPU
		{052E7A42-FDF9-4735-8E23-86EB4AC9310A}.Debug|Any CPU.Build.0 = Debug|Any CPU
		{052E7A42-FDF9-4735-8E23-86EB4AC9310A}.Release|Any CPU.ActiveCfg = Release|Any CPU
		{052E7A42-FDF9-4735-8E23-86EB4AC9310A}.Release|Any CPU.Build.0 = Release|Any CPU
		{C5F4509E-CA8C-49BE-A21E-F8A0C424DB88}.Debug|Any CPU.ActiveCfg = Debug|Any CPU
		{C5F4509E-CA8C-49BE-A21E-F8A0C424DB88}.Debug|Any CPU.Build.0 = Debug|Any CPU
		{C5F4509E-CA8C-49BE-A21E-F8A0C424DB88}.Release|Any CPU.ActiveCfg = Release|Any CPU
		{C5F4509E-CA8C-49BE-A21E-F8A0C424DB88}.Release|Any CPU.Build.0 = Release|Any CPU
		{2CFB23F3-2C50-47E8-80C6-C4278ED86743}.Debug|Any CPU.ActiveCfg = Debug|Any CPU
		{2CFB23F3-2C50-47E8-80C6-C4278ED86743}.Debug|Any CPU.Build.0 = Debug|Any CPU
		{2CFB23F3-2C50-47E8-80C6-C4278ED86743}.Release|Any CPU.ActiveCfg = Release|Any CPU
		{2CFB23F3-2C50-47E8-80C6-C4278ED86743}.Release|Any CPU.Build.0 = Release|Any CPU
		{28B7B5E2-17FC-4AE9-A6F9-E86D35D627D7}.Debug|Any CPU.ActiveCfg = Debug|Any CPU
		{28B7B5E2-17FC-4AE9-A6F9-E86D35D627D7}.Debug|Any CPU.Build.0 = Debug|Any CPU
		{28B7B5E2-17FC-4AE9-A6F9-E86D35D627D7}.Release|Any CPU.ActiveCfg = Release|Any CPU
		{28B7B5E2-17FC-4AE9-A6F9-E86D35D627D7}.Release|Any CPU.Build.0 = Release|Any CPU
	EndGlobalSection
	GlobalSection(SolutionProperties) = preSolution
		HideSolutionNode = FALSE
	EndGlobalSection
	GlobalSection(NestedProjects) = preSolution
		{F2C41459-62EC-4705-87C9-2A5DABCE84D9} = {74B0508D-F97E-44B6-A4F1-04AEE959E779}
		{B922719F-4F71-466A-84B1-44F0A107B2DF} = {5E0893F6-7138-4843-BAD9-58A77A28B224}
		{3BBE81A7-D906-4535-ADD0-3D7A5B25935C} = {5E0893F6-7138-4843-BAD9-58A77A28B224}
		{0F59DABE-EC5E-4DDD-A8FF-5042CD2EAEEF} = {8609CE81-53E1-487D-AA15-E67D9686125B}
		{A6CC6025-FFDF-4361-9F78-49550B4F3C38} = {5782406A-AF90-487F-B220-73E785B27960}
		{052E7A42-FDF9-4735-8E23-86EB4AC9310A} = {8609CE81-53E1-487D-AA15-E67D9686125B}
		{E63B5A8E-9F2A-457F-857F-B115618BD229} = {5782406A-AF90-487F-B220-73E785B27960}
		{C5F4509E-CA8C-49BE-A21E-F8A0C424DB88} = {E63B5A8E-9F2A-457F-857F-B115618BD229}
		{2CFB23F3-2C50-47E8-80C6-C4278ED86743} = {DF7B59A2-2C67-41AA-8E4E-3BC4DE4A2A53}
		{28B7B5E2-17FC-4AE9-A6F9-E86D35D627D7} = {DF7B59A2-2C67-41AA-8E4E-3BC4DE4A2A53}
	EndGlobalSection
	GlobalSection(ExtensibilityGlobals) = postSolution
		SolutionGuid = {D8AE9743-16E7-480F-819E-3A1374F4CBA5}
	EndGlobalSection
EndGlobal
