
Microsoft Visual Studio Solution File, Format Version 12.00
# Visual Studio Version 17
VisualStudioVersion = 17.10.35013.160
MinimumVisualStudioVersion = 10.0.40219.1
Project("{2150E333-8FDC-42A3-9474-1A3956D46DE8}") = "Lesson5", "Lesson5", "{5782406A-AF90-487F-B220-73E785B27960}"
EndProject
Project("{9A19103F-16F7-4668-BE54-9A1E7A4F7556}") = "LearnLoop", "Lesson5\LearnLoop\LearnLoop.csproj", "{A6CC6025-FFDF-4361-9F78-49550B4F3C38}"
EndProject
Project("{2150E333-8FDC-42A3-9474-1A3956D46DE8}") = "Solution Items", "Solution Items", "{E63B5A8E-9F2A-457F-857F-B115618BD229}"
EndProject
Project("{9A19103F-16F7-4668-BE54-9A1E7A4F7556}") = "Home_Work_Lesson5", "Lesson5\Home_Work_Lesson5\Home_Work_Lesson5.csproj", "{C5F4509E-CA8C-49BE-A21E-F8A0C424DB88}"
EndProject
Project("{2150E333-8FDC-42A3-9474-1A3956D46DE8}") = "Lesson6", "Lesson6", "{DF7B59A2-2C67-41AA-8E4E-3BC4DE4A2A53}"
EndProject
Project("{9A19103F-16F7-4668-BE54-9A1E7A4F7556}") = "LearnArray", "Lesson6\LearnArray\LearnArray.csproj", "{2CFB23F3-2C50-47E8-80C6-C4278ED86743}"
EndProject
Project("{9A19103F-16F7-4668-BE54-9A1E7A4F7556}") = "LearnListLinQ", "Lesson6\LearnListLinQ\LearnListLinQ.csproj", "{28B7B5E2-17FC-4AE9-A6F9-E86D35D627D7}"
EndProject
Project("{9A19103F-16F7-4668-BE54-9A1E7A4F7556}") = "EX_Lesson6", "Lesson6\EX_Lesson6\EX_Lesson6.csproj", "{CC759728-9C1C-4BC9-A87A-6CE19C75202A}"
EndProject
Project("{9A19103F-16F7-4668-BE54-9A1E7A4F7556}") = "LearnDictionary", "Lesson6\LearnDictionary\LearnDictionary.csproj", "{AA5AC686-7F0E-4B86-8C71-EB768EFC7737}"
EndProject
Project("{2150E333-8FDC-42A3-9474-1A3956D46DE8}") = "Lesson7", "Lesson7", "{314B2F78-FC5B-422F-B621-53CD144F0A42}"
EndProject
Project("{9A19103F-16F7-4668-BE54-9A1E7A4F7556}") = "LearnString", "Lesson7\LearnString\LearnString.csproj", "{C0703343-34FC-4288-8CD1-95AD4A05EAD8}"
EndProject
Project("{9A19103F-16F7-4668-BE54-9A1E7A4F7556}") = "LearnDateTime", "Lesson7\LearnDateTime\LearnDateTime.csproj", "{DA0D3ECB-4FA0-4CF0-864C-45E5C1710651}"
EndProject
Project("{9A19103F-16F7-4668-BE54-9A1E7A4F7556}") = "LearnMath", "Lesson7\LearnMath\LearnMath.csproj", "{F86B328A-3F27-4CCA-A4D8-62816F1A973D}"
EndProject
Project("{2150E333-8FDC-42A3-9474-1A3956D46DE8}") = "Lesson8", "Lesson8", "{42759A2E-C5D9-4C01-83AE-36D9705BC621}"
EndProject
Project("{9A19103F-16F7-4668-BE54-9A1E7A4F7556}") = "LearnOOP", "Lesson8\LearnOOP\LearnOOP.csproj", "{DE69591E-696E-44AE-8BD3-31F862BAAC9E}"
EndProject
Project("{2150E333-8FDC-42A3-9474-1A3956D46DE8}") = "Lesson9", "Lesson9", "{D3CC3C96-DEE1-4A92-B9A4-6E9D53B74357}"
EndProject
Project("{9A19103F-16F7-4668-BE54-9A1E7A4F7556}") = "LearnOOP2", "Lesson9\LearnOOP2\LearnOOP2.csproj", "{9C494D9C-9FF2-4DA4-8A2A-88E2E13B0053}"
EndProject
Project("{9A19103F-16F7-4668-BE54-9A1E7A4F7556}") = "LearnGeneric", "Lesson9\LearnGeneric\LearnGeneric.csproj", "{CF612CB2-C8A3-4CF4-ABC1-A2AA1F267A56}"
EndProject
Project("{2150E333-8FDC-42A3-9474-1A3956D46DE8}") = "Lesson15", "Lesson15", "{C2B3F695-67C9-4E3D-9AF5-B71B8F033519}"
EndProject
Project("{FAE04EC0-301F-11D3-BF4B-00C04F79EFBC}") = "LearnEfCore", "lesson15\LearnEfCore\LearnEfCore.csproj", "{F080F341-869B-4150-83DD-45E032B390C3}"
EndProject
Global
	GlobalSection(SolutionConfigurationPlatforms) = preSolution
		Debug|Any CPU = Debug|Any CPU
		Release|Any CPU = Release|Any CPU
	EndGlobalSection
	GlobalSection(ProjectConfigurationPlatforms) = postSolution
		{A6CC6025-FFDF-4361-9F78-49550B4F3C38}.Debug|Any CPU.ActiveCfg = Debug|Any CPU
		{A6CC6025-FFDF-4361-9F78-49550B4F3C38}.Debug|Any CPU.Build.0 = Debug|Any CPU
		{A6CC6025-FFDF-4361-9F78-49550B4F3C38}.Release|Any CPU.ActiveCfg = Release|Any CPU
		{A6CC6025-FFDF-4361-9F78-49550B4F3C38}.Release|Any CPU.Build.0 = Release|Any CPU
		{C5F4509E-CA8C-49BE-A21E-F8A0C424DB88}.Debug|Any CPU.ActiveCfg = Debug|Any CPU
		{C5F4509E-CA8C-49BE-A21E-F8A0C424DB88}.Debug|Any CPU.Build.0 = Debug|Any CPU
		{C5F4509E-CA8C-49BE-A21E-F8A0C424DB88}.Release|Any CPU.ActiveCfg = Release|Any CPU
		{C5F4509E-CA8C-49BE-A21E-F8A0C424DB88}.Release|Any CPU.Build.0 = Release|Any CPU
		{2CFB23F3-2C50-47E8-80C6-C4278ED86743}.Debug|Any CPU.ActiveCfg = Debug|Any CPU
		{2CFB23F3-2C50-47E8-80C6-C4278ED86743}.Debug|Any CPU.Build.0 = Debug|Any CPU
		{2CFB23F3-2C50-47E8-80C6-C4278ED86743}.Release|Any CPU.ActiveCfg = Release|Any CPU
		{2CFB23F3-2C50-47E8-80C6-C4278ED86743}.Release|Any CPU.Build.0 = Release|Any CPU
		{28B7B5E2-17FC-4AE9-A6F9-E86D35D627D7}.Debug|Any CPU.ActiveCfg = Debug|Any CPU
		{28B7B5E2-17FC-4AE9-A6F9-E86D35D627D7}.Debug|Any CPU.Build.0 = Debug|Any CPU
		{28B7B5E2-17FC-4AE9-A6F9-E86D35D627D7}.Release|Any CPU.ActiveCfg = Release|Any CPU
		{28B7B5E2-17FC-4AE9-A6F9-E86D35D627D7}.Release|Any CPU.Build.0 = Release|Any CPU
		{CC759728-9C1C-4BC9-A87A-6CE19C75202A}.Debug|Any CPU.ActiveCfg = Debug|Any CPU
		{CC759728-9C1C-4BC9-A87A-6CE19C75202A}.Debug|Any CPU.Build.0 = Debug|Any CPU
		{CC759728-9C1C-4BC9-A87A-6CE19C75202A}.Release|Any CPU.ActiveCfg = Release|Any CPU
		{CC759728-9C1C-4BC9-A87A-6CE19C75202A}.Release|Any CPU.Build.0 = Release|Any CPU
		{AA5AC686-7F0E-4B86-8C71-EB768EFC7737}.Debug|Any CPU.ActiveCfg = Debug|Any CPU
		{AA5AC686-7F0E-4B86-8C71-EB768EFC7737}.Debug|Any CPU.Build.0 = Debug|Any CPU
		{AA5AC686-7F0E-4B86-8C71-EB768EFC7737}.Release|Any CPU.ActiveCfg = Release|Any CPU
		{AA5AC686-7F0E-4B86-8C71-EB768EFC7737}.Release|Any CPU.Build.0 = Release|Any CPU
		{C0703343-34FC-4288-8CD1-95AD4A05EAD8}.Debug|Any CPU.ActiveCfg = Debug|Any CPU
		{C0703343-34FC-4288-8CD1-95AD4A05EAD8}.Debug|Any CPU.Build.0 = Debug|Any CPU
		{C0703343-34FC-4288-8CD1-95AD4A05EAD8}.Release|Any CPU.ActiveCfg = Release|Any CPU
		{C0703343-34FC-4288-8CD1-95AD4A05EAD8}.Release|Any CPU.Build.0 = Release|Any CPU
		{DA0D3ECB-4FA0-4CF0-864C-45E5C1710651}.Debug|Any CPU.ActiveCfg = Debug|Any CPU
		{DA0D3ECB-4FA0-4CF0-864C-45E5C1710651}.Debug|Any CPU.Build.0 = Debug|Any CPU
		{DA0D3ECB-4FA0-4CF0-864C-45E5C1710651}.Release|Any CPU.ActiveCfg = Release|Any CPU
		{DA0D3ECB-4FA0-4CF0-864C-45E5C1710651}.Release|Any CPU.Build.0 = Release|Any CPU
		{F86B328A-3F27-4CCA-A4D8-62816F1A973D}.Debug|Any CPU.ActiveCfg = Debug|Any CPU
		{F86B328A-3F27-4CCA-A4D8-62816F1A973D}.Debug|Any CPU.Build.0 = Debug|Any CPU
		{F86B328A-3F27-4CCA-A4D8-62816F1A973D}.Release|Any CPU.ActiveCfg = Release|Any CPU
		{F86B328A-3F27-4CCA-A4D8-62816F1A973D}.Release|Any CPU.Build.0 = Release|Any CPU
		{DE69591E-696E-44AE-8BD3-31F862BAAC9E}.Debug|Any CPU.ActiveCfg = Debug|Any CPU
		{DE69591E-696E-44AE-8BD3-31F862BAAC9E}.Debug|Any CPU.Build.0 = Debug|Any CPU
		{DE69591E-696E-44AE-8BD3-31F862BAAC9E}.Release|Any CPU.ActiveCfg = Release|Any CPU
		{DE69591E-696E-44AE-8BD3-31F862BAAC9E}.Release|Any CPU.Build.0 = Release|Any CPU
		{9C494D9C-9FF2-4DA4-8A2A-88E2E13B0053}.Debug|Any CPU.ActiveCfg = Debug|Any CPU
		{9C494D9C-9FF2-4DA4-8A2A-88E2E13B0053}.Debug|Any CPU.Build.0 = Debug|Any CPU
		{9C494D9C-9FF2-4DA4-8A2A-88E2E13B0053}.Release|Any CPU.ActiveCfg = Release|Any CPU
		{9C494D9C-9FF2-4DA4-8A2A-88E2E13B0053}.Release|Any CPU.Build.0 = Release|Any CPU
		{CF612CB2-C8A3-4CF4-ABC1-A2AA1F267A56}.Debug|Any CPU.ActiveCfg = Debug|Any CPU
		{CF612CB2-C8A3-4CF4-ABC1-A2AA1F267A56}.Debug|Any CPU.Build.0 = Debug|Any CPU
		{CF612CB2-C8A3-4CF4-ABC1-A2AA1F267A56}.Release|Any CPU.ActiveCfg = Release|Any CPU
		{CF612CB2-C8A3-4CF4-ABC1-A2AA1F267A56}.Release|Any CPU.Build.0 = Release|Any CPU
		{F080F341-869B-4150-83DD-45E032B390C3}.Debug|Any CPU.ActiveCfg = Debug|Any CPU
		{F080F341-869B-4150-83DD-45E032B390C3}.Debug|Any CPU.Build.0 = Debug|Any CPU
		{F080F341-869B-4150-83DD-45E032B390C3}.Release|Any CPU.ActiveCfg = Release|Any CPU
		{F080F341-869B-4150-83DD-45E032B390C3}.Release|Any CPU.Build.0 = Release|Any CPU
	EndGlobalSection
	GlobalSection(SolutionProperties) = preSolution
		HideSolutionNode = FALSE
	EndGlobalSection
	GlobalSection(NestedProjects) = preSolution
		{A6CC6025-FFDF-4361-9F78-49550B4F3C38} = {5782406A-AF90-487F-B220-73E785B27960}
		{E63B5A8E-9F2A-457F-857F-B115618BD229} = {5782406A-AF90-487F-B220-73E785B27960}
		{C5F4509E-CA8C-49BE-A21E-F8A0C424DB88} = {E63B5A8E-9F2A-457F-857F-B115618BD229}
		{2CFB23F3-2C50-47E8-80C6-C4278ED86743} = {DF7B59A2-2C67-41AA-8E4E-3BC4DE4A2A53}
		{28B7B5E2-17FC-4AE9-A6F9-E86D35D627D7} = {DF7B59A2-2C67-41AA-8E4E-3BC4DE4A2A53}
		{CC759728-9C1C-4BC9-A87A-6CE19C75202A} = {DF7B59A2-2C67-41AA-8E4E-3BC4DE4A2A53}
		{AA5AC686-7F0E-4B86-8C71-EB768EFC7737} = {DF7B59A2-2C67-41AA-8E4E-3BC4DE4A2A53}
		{C0703343-34FC-4288-8CD1-95AD4A05EAD8} = {314B2F78-FC5B-422F-B621-53CD144F0A42}
		{DA0D3ECB-4FA0-4CF0-864C-45E5C1710651} = {314B2F78-FC5B-422F-B621-53CD144F0A42}
		{F86B328A-3F27-4CCA-A4D8-62816F1A973D} = {314B2F78-FC5B-422F-B621-53CD144F0A42}
		{DE69591E-696E-44AE-8BD3-31F862BAAC9E} = {42759A2E-C5D9-4C01-83AE-36D9705BC621}
		{9C494D9C-9FF2-4DA4-8A2A-88E2E13B0053} = {D3CC3C96-DEE1-4A92-B9A4-6E9D53B74357}
		{CF612CB2-C8A3-4CF4-ABC1-A2AA1F267A56} = {D3CC3C96-DEE1-4A92-B9A4-6E9D53B74357}
		{F080F341-869B-4150-83DD-45E032B390C3} = {C2B3F695-67C9-4E3D-9AF5-B71B8F033519}
	EndGlobalSection
	GlobalSection(ExtensibilityGlobals) = postSolution
		SolutionGuid = {D8AE9743-16E7-480F-819E-3A1374F4CBA5}
	EndGlobalSection
EndGlobal
